
Microsoft Visual Studio Solution File, Format Version 12.00
# Visual Studio 15
VisualStudioVersion = 15.0.36324.19
MinimumVisualStudioVersion = 10.0.40219.1
Project("{FAE04EC0-301F-11D3-BF4B-00C04F79EFBC}") = "SensorEmulator", "SensorEmulator\SensorEmulator.csproj", "{6671FFBB-041B-4887-A520-C75D54A32813}"
EndProject
Project("{FAE04EC0-301F-11D3-BF4B-00C04F79EFBC}") = "SensorUITests", "SensorUITests\SensorUITests.csproj", "{DFCB920E-EE5E-452E-81A1-0A354ADF1928}"
EndProject
Project("{FAE04EC0-301F-11D3-BF4B-00C04F79EFBC}") = "AccuTrac Pro", "..\AccuTrac Pro\source\AccuTrac Pro\AccuTrac Pro.csproj", "{45788502-ACC4-4F00-BEA7-BFF889F80652}"
EndProject
Global
	GlobalSection(SolutionConfigurationPlatforms) = preSolution
		_21CFR_DEBUG|Any CPU = _21CFR_DEBUG|Any CPU
		_21CFR_DEBUG|x64 = _21CFR_DEBUG|x64
		_21CFR_DEBUG|x86 = _21CFR_DEBUG|x86
		32_Bit_Release|Any CPU = 32_Bit_Release|Any CPU
		32_Bit_Release|x64 = 32_Bit_Release|x64
		32_Bit_Release|x86 = 32_Bit_Release|x86
		Debug|Any CPU = Debug|Any CPU
		Debug|x64 = Debug|x64
		Debug|x86 = Debug|x86
		FINAL_RELEASE|Any CPU = FINAL_RELEASE|Any CPU
		FINAL_RELEASE|x64 = FINAL_RELEASE|x64
		FINAL_RELEASE|x86 = FINAL_RELEASE|x86
		RELEASE_21CFR|Any CPU = RELEASE_21CFR|Any CPU
		RELEASE_21CFR|x64 = RELEASE_21CFR|x64
		RELEASE_21CFR|x86 = RELEASE_21CFR|x86
		Release|Any CPU = Release|Any CPU
		Release|x64 = Release|x64
		Release|x86 = Release|x86
		TEST_DEBUG|Any CPU = TEST_DEBUG|Any CPU
		TEST_DEBUG|x64 = TEST_DEBUG|x64
		TEST_DEBUG|x86 = TEST_DEBUG|x86
		TEST_RELEASE|Any CPU = TEST_RELEASE|Any CPU
		TEST_RELEASE|x64 = TEST_RELEASE|x64
		TEST_RELEASE|x86 = TEST_RELEASE|x86
	EndGlobalSection
	GlobalSection(ProjectConfigurationPlatforms) = postSolution
		{6671FFBB-041B-4887-A520-C75D54A32813}._21CFR_DEBUG|Any CPU.ActiveCfg = Release|Any CPU
		{6671FFBB-041B-4887-A520-C75D54A32813}._21CFR_DEBUG|Any CPU.Build.0 = Release|Any CPU
		{6671FFBB-041B-4887-A520-C75D54A32813}._21CFR_DEBUG|x64.ActiveCfg = Release|Any CPU
		{6671FFBB-041B-4887-A520-C75D54A32813}._21CFR_DEBUG|x64.Build.0 = Release|Any CPU
		{6671FFBB-041B-4887-A520-C75D54A32813}._21CFR_DEBUG|x86.ActiveCfg = Release|Any CPU
		{6671FFBB-041B-4887-A520-C75D54A32813}._21CFR_DEBUG|x86.Build.0 = Release|Any CPU
		{6671FFBB-041B-4887-A520-C75D54A32813}.32_Bit_Release|Any CPU.ActiveCfg = Release|Any CPU
		{6671FFBB-041B-4887-A520-C75D54A32813}.32_Bit_Release|Any CPU.Build.0 = Release|Any CPU
		{6671FFBB-041B-4887-A520-C75D54A32813}.32_Bit_Release|x64.ActiveCfg = Release|Any CPU
		{6671FFBB-041B-4887-A520-C75D54A32813}.32_Bit_Release|x64.Build.0 = Release|Any CPU
		{6671FFBB-041B-4887-A520-C75D54A32813}.32_Bit_Release|x86.ActiveCfg = Release|Any CPU
		{6671FFBB-041B-4887-A520-C75D54A32813}.32_Bit_Release|x86.Build.0 = Release|Any CPU
		{6671FFBB-041B-4887-A520-C75D54A32813}.Debug|Any CPU.ActiveCfg = Debug|Any CPU
		{6671FFBB-041B-4887-A520-C75D54A32813}.Debug|Any CPU.Build.0 = Debug|Any CPU
		{6671FFBB-041B-4887-A520-C75D54A32813}.Debug|x64.ActiveCfg = Debug|Any CPU
		{6671FFBB-041B-4887-A520-C75D54A32813}.Debug|x64.Build.0 = Debug|Any CPU
		{6671FFBB-041B-4887-A520-C75D54A32813}.Debug|x86.ActiveCfg = Debug|Any CPU
		{6671FFBB-041B-4887-A520-C75D54A32813}.Debug|x86.Build.0 = Debug|Any CPU
		{6671FFBB-041B-4887-A520-C75D54A32813}.FINAL_RELEASE|Any CPU.ActiveCfg = Release|Any CPU
		{6671FFBB-041B-4887-A520-C75D54A32813}.FINAL_RELEASE|Any CPU.Build.0 = Release|Any CPU
		{6671FFBB-041B-4887-A520-C75D54A32813}.FINAL_RELEASE|x64.ActiveCfg = Release|Any CPU
		{6671FFBB-041B-4887-A520-C75D54A32813}.FINAL_RELEASE|x64.Build.0 = Release|Any CPU
		{6671FFBB-041B-4887-A520-C75D54A32813}.FINAL_RELEASE|x86.ActiveCfg = Release|Any CPU
		{6671FFBB-041B-4887-A520-C75D54A32813}.FINAL_RELEASE|x86.Build.0 = Release|Any CPU
		{6671FFBB-041B-4887-A520-C75D54A32813}.RELEASE_21CFR|Any CPU.ActiveCfg = Release|Any CPU
		{6671FFBB-041B-4887-A520-C75D54A32813}.RELEASE_21CFR|Any CPU.Build.0 = Release|Any CPU
		{6671FFBB-041B-4887-A520-C75D54A32813}.RELEASE_21CFR|x64.ActiveCfg = Release|Any CPU
		{6671FFBB-041B-4887-A520-C75D54A32813}.RELEASE_21CFR|x64.Build.0 = Release|Any CPU
		{6671FFBB-041B-4887-A520-C75D54A32813}.RELEASE_21CFR|x86.ActiveCfg = Release|Any CPU
		{6671FFBB-041B-4887-A520-C75D54A32813}.RELEASE_21CFR|x86.Build.0 = Release|Any CPU
		{6671FFBB-041B-4887-A520-C75D54A32813}.Release|Any CPU.ActiveCfg = Release|Any CPU
		{6671FFBB-041B-4887-A520-C75D54A32813}.Release|Any CPU.Build.0 = Release|Any CPU
		{6671FFBB-041B-4887-A520-C75D54A32813}.Release|x64.ActiveCfg = Release|Any CPU
		{6671FFBB-041B-4887-A520-C75D54A32813}.Release|x64.Build.0 = Release|Any CPU
		{6671FFBB-041B-4887-A520-C75D54A32813}.Release|x86.ActiveCfg = Release|Any CPU
		{6671FFBB-041B-4887-A520-C75D54A32813}.Release|x86.Build.0 = Release|Any CPU
		{6671FFBB-041B-4887-A520-C75D54A32813}.TEST_DEBUG|Any CPU.ActiveCfg = Release|Any CPU
		{6671FFBB-041B-4887-A520-C75D54A32813}.TEST_DEBUG|Any CPU.Build.0 = Release|Any CPU
		{6671FFBB-041B-4887-A520-C75D54A32813}.TEST_DEBUG|x64.ActiveCfg = Release|Any CPU
		{6671FFBB-041B-4887-A520-C75D54A32813}.TEST_DEBUG|x64.Build.0 = Release|Any CPU
		{6671FFBB-041B-4887-A520-C75D54A32813}.TEST_DEBUG|x86.ActiveCfg = Release|Any CPU
		{6671FFBB-041B-4887-A520-C75D54A32813}.TEST_DEBUG|x86.Build.0 = Release|Any CPU
		{6671FFBB-041B-4887-A520-C75D54A32813}.TEST_RELEASE|Any CPU.ActiveCfg = Release|Any CPU
		{6671FFBB-041B-4887-A520-C75D54A32813}.TEST_RELEASE|Any CPU.Build.0 = Release|Any CPU
		{6671FFBB-041B-4887-A520-C75D54A32813}.TEST_RELEASE|x64.ActiveCfg = Release|Any CPU
		{6671FFBB-041B-4887-A520-C75D54A32813}.TEST_RELEASE|x64.Build.0 = Release|Any CPU
		{6671FFBB-041B-4887-A520-C75D54A32813}.TEST_RELEASE|x86.ActiveCfg = Release|Any CPU
		{6671FFBB-041B-4887-A520-C75D54A32813}.TEST_RELEASE|x86.Build.0 = Release|Any CPU
		{DFCB920E-EE5E-452E-81A1-0A354ADF1928}._21CFR_DEBUG|Any CPU.ActiveCfg = Release|Any CPU
		{DFCB920E-EE5E-452E-81A1-0A354ADF1928}._21CFR_DEBUG|Any CPU.Build.0 = Release|Any CPU
		{DFCB920E-EE5E-452E-81A1-0A354ADF1928}._21CFR_DEBUG|x64.ActiveCfg = Release|Any CPU
		{DFCB920E-EE5E-452E-81A1-0A354ADF1928}._21CFR_DEBUG|x64.Build.0 = Release|Any CPU
		{DFCB920E-EE5E-452E-81A1-0A354ADF1928}._21CFR_DEBUG|x86.ActiveCfg = Release|Any CPU
		{DFCB920E-EE5E-452E-81A1-0A354ADF1928}._21CFR_DEBUG|x86.Build.0 = Release|Any CPU
		{DFCB920E-EE5E-452E-81A1-0A354ADF1928}.32_Bit_Release|Any CPU.ActiveCfg = Release|Any CPU
		{DFCB920E-EE5E-452E-81A1-0A354ADF1928}.32_Bit_Release|Any CPU.Build.0 = Release|Any CPU
		{DFCB920E-EE5E-452E-81A1-0A354ADF1928}.32_Bit_Release|x64.ActiveCfg = Release|Any CPU
		{DFCB920E-EE5E-452E-81A1-0A354ADF1928}.32_Bit_Release|x64.Build.0 = Release|Any CPU
		{DFCB920E-EE5E-452E-81A1-0A354ADF1928}.32_Bit_Release|x86.ActiveCfg = Release|Any CPU
		{DFCB920E-EE5E-452E-81A1-0A354ADF1928}.32_Bit_Release|x86.Build.0 = Release|Any CPU
		{DFCB920E-EE5E-452E-81A1-0A354ADF1928}.Debug|Any CPU.ActiveCfg = Debug|Any CPU
		{DFCB920E-EE5E-452E-81A1-0A354ADF1928}.Debug|Any CPU.Build.0 = Debug|Any CPU
		{DFCB920E-EE5E-452E-81A1-0A354ADF1928}.Debug|x64.ActiveCfg = Debug|Any CPU
		{DFCB920E-EE5E-452E-81A1-0A354ADF1928}.Debug|x64.Build.0 = Debug|Any CPU
		{DFCB920E-EE5E-452E-81A1-0A354ADF1928}.Debug|x86.ActiveCfg = Debug|Any CPU
		{DFCB920E-EE5E-452E-81A1-0A354ADF1928}.Debug|x86.Build.0 = Debug|Any CPU
		{DFCB920E-EE5E-452E-81A1-0A354ADF1928}.FINAL_RELEASE|Any CPU.ActiveCfg = Release|Any CPU
		{DFCB920E-EE5E-452E-81A1-0A354ADF1928}.FINAL_RELEASE|Any CPU.Build.0 = Release|Any CPU
		{DFCB920E-EE5E-452E-81A1-0A354ADF1928}.FINAL_RELEASE|x64.ActiveCfg = Release|Any CPU
		{DFCB920E-EE5E-452E-81A1-0A354ADF1928}.FINAL_RELEASE|x64.Build.0 = Release|Any CPU
		{DFCB920E-EE5E-452E-81A1-0A354ADF1928}.FINAL_RELEASE|x86.ActiveCfg = Release|Any CPU
		{DFCB920E-EE5E-452E-81A1-0A354ADF1928}.FINAL_RELEASE|x86.Build.0 = Release|Any CPU
		{DFCB920E-EE5E-452E-81A1-0A354ADF1928}.RELEASE_21CFR|Any CPU.ActiveCfg = Release|Any CPU
		{DFCB920E-EE5E-452E-81A1-0A354ADF1928}.RELEASE_21CFR|Any CPU.Build.0 = Release|Any CPU
		{DFCB920E-EE5E-452E-81A1-0A354ADF1928}.RELEASE_21CFR|x64.ActiveCfg = Release|Any CPU
		{DFCB920E-EE5E-452E-81A1-0A354ADF1928}.RELEASE_21CFR|x64.Build.0 = Release|Any CPU
		{DFCB920E-EE5E-452E-81A1-0A354ADF1928}.RELEASE_21CFR|x86.ActiveCfg = Release|Any CPU
		{DFCB920E-EE5E-452E-81A1-0A354ADF1928}.RELEASE_21CFR|x86.Build.0 = Release|Any CPU
		{DFCB920E-EE5E-452E-81A1-0A354ADF1928}.Release|Any CPU.ActiveCfg = Release|Any CPU
		{DFCB920E-EE5E-452E-81A1-0A354ADF1928}.Release|Any CPU.Build.0 = Release|Any CPU
		{DFCB920E-EE5E-452E-81A1-0A354ADF1928}.Release|x64.ActiveCfg = Release|Any CPU
		{DFCB920E-EE5E-452E-81A1-0A354ADF1928}.Release|x64.Build.0 = Release|Any CPU
		{DFCB920E-EE5E-452E-81A1-0A354ADF1928}.Release|x86.ActiveCfg = Release|Any CPU
		{DFCB920E-EE5E-452E-81A1-0A354ADF1928}.Release|x86.Build.0 = Release|Any CPU
		{DFCB920E-EE5E-452E-81A1-0A354ADF1928}.TEST_DEBUG|Any CPU.ActiveCfg = Release|Any CPU
		{DFCB920E-EE5E-452E-81A1-0A354ADF1928}.TEST_DEBUG|Any CPU.Build.0 = Release|Any CPU
		{DFCB920E-EE5E-452E-81A1-0A354ADF1928}.TEST_DEBUG|x64.ActiveCfg = Release|Any CPU
		{DFCB920E-EE5E-452E-81A1-0A354ADF1928}.TEST_DEBUG|x64.Build.0 = Release|Any CPU
		{DFCB920E-EE5E-452E-81A1-0A354ADF1928}.TEST_DEBUG|x86.ActiveCfg = Release|Any CPU
		{DFCB920E-EE5E-452E-81A1-0A354ADF1928}.TEST_DEBUG|x86.Build.0 = Release|Any CPU
		{DFCB920E-EE5E-452E-81A1-0A354ADF1928}.TEST_RELEASE|Any CPU.ActiveCfg = Release|Any CPU
		{DFCB920E-EE5E-452E-81A1-0A354ADF1928}.TEST_RELEASE|Any CPU.Build.0 = Release|Any CPU
		{DFCB920E-EE5E-452E-81A1-0A354ADF1928}.TEST_RELEASE|x64.ActiveCfg = Release|Any CPU
		{DFCB920E-EE5E-452E-81A1-0A354ADF1928}.TEST_RELEASE|x64.Build.0 = Release|Any CPU
		{DFCB920E-EE5E-452E-81A1-0A354ADF1928}.TEST_RELEASE|x86.ActiveCfg = Release|Any CPU
		{DFCB920E-EE5E-452E-81A1-0A354ADF1928}.TEST_RELEASE|x86.Build.0 = Release|Any CPU
		{45788502-ACC4-4F00-BEA7-BFF889F80652}._21CFR_DEBUG|Any CPU.ActiveCfg = _21CFR_DEBUG|Any CPU
		{45788502-ACC4-4F00-BEA7-BFF889F80652}._21CFR_DEBUG|Any CPU.Build.0 = _21CFR_DEBUG|Any CPU
		{45788502-ACC4-4F00-BEA7-BFF889F80652}._21CFR_DEBUG|x64.ActiveCfg = _21CFR_DEBUG|x64
		{45788502-ACC4-4F00-BEA7-BFF889F80652}._21CFR_DEBUG|x64.Build.0 = _21CFR_DEBUG|x64
		{45788502-ACC4-4F00-BEA7-BFF889F80652}._21CFR_DEBUG|x86.ActiveCfg = _21CFR_DEBUG|x86
		{45788502-ACC4-4F00-BEA7-BFF889F80652}._21CFR_DEBUG|x86.Build.0 = _21CFR_DEBUG|x86
		{45788502-ACC4-4F00-BEA7-BFF889F80652}.32_Bit_Release|Any CPU.ActiveCfg = 32_Bit_Release|Any CPU
		{45788502-ACC4-4F00-BEA7-BFF889F80652}.32_Bit_Release|Any CPU.Build.0 = 32_Bit_Release|Any CPU
		{45788502-ACC4-4F00-BEA7-BFF889F80652}.32_Bit_Release|x64.ActiveCfg = 32_Bit_Release|x64
		{45788502-ACC4-4F00-BEA7-BFF889F80652}.32_Bit_Release|x64.Build.0 = 32_Bit_Release|x64
		{45788502-ACC4-4F00-BEA7-BFF889F80652}.32_Bit_Release|x86.ActiveCfg = 32_Bit_Release|x86
		{45788502-ACC4-4F00-BEA7-BFF889F80652}.32_Bit_Release|x86.Build.0 = 32_Bit_Release|x86
		{45788502-ACC4-4F00-BEA7-BFF889F80652}.Debug|Any CPU.ActiveCfg = Debug|Any CPU
		{45788502-ACC4-4F00-BEA7-BFF889F80652}.Debug|Any CPU.Build.0 = Debug|Any CPU
		{45788502-ACC4-4F00-BEA7-BFF889F80652}.Debug|x64.ActiveCfg = Debug|x64
		{45788502-ACC4-4F00-BEA7-BFF889F80652}.Debug|x64.Build.0 = Debug|x64
		{45788502-ACC4-4F00-BEA7-BFF889F80652}.Debug|x86.ActiveCfg = Debug|x86
		{45788502-ACC4-4F00-BEA7-BFF889F80652}.Debug|x86.Build.0 = Debug|x86
		{45788502-ACC4-4F00-BEA7-BFF889F80652}.FINAL_RELEASE|Any CPU.ActiveCfg = FINAL_RELEASE|Any CPU
		{45788502-ACC4-4F00-BEA7-BFF889F80652}.FINAL_RELEASE|Any CPU.Build.0 = FINAL_RELEASE|Any CPU
		{45788502-ACC4-4F00-BEA7-BFF889F80652}.FINAL_RELEASE|x64.ActiveCfg = FINAL_RELEASE|x64
		{45788502-ACC4-4F00-BEA7-BFF889F80652}.FINAL_RELEASE|x64.Build.0 = FINAL_RELEASE|x64
		{45788502-ACC4-4F00-BEA7-BFF889F80652}.FINAL_RELEASE|x86.ActiveCfg = FINAL_RELEASE|x86
		{45788502-ACC4-4F00-BEA7-BFF889F80652}.FINAL_RELEASE|x86.Build.0 = FINAL_RELEASE|x86
		{45788502-ACC4-4F00-BEA7-BFF889F80652}.RELEASE_21CFR|Any CPU.ActiveCfg = RELEASE_21CFR|Any CPU
		{45788502-ACC4-4F00-BEA7-BFF889F80652}.RELEASE_21CFR|Any CPU.Build.0 = RELEASE_21CFR|Any CPU
		{45788502-ACC4-4F00-BEA7-BFF889F80652}.RELEASE_21CFR|x64.ActiveCfg = RELEASE_21CFR|x64
		{45788502-ACC4-4F00-BEA7-BFF889F80652}.RELEASE_21CFR|x64.Build.0 = RELEASE_21CFR|x64
		{45788502-ACC4-4F00-BEA7-BFF889F80652}.RELEASE_21CFR|x86.ActiveCfg = RELEASE_21CFR|x86
		{45788502-ACC4-4F00-BEA7-BFF889F80652}.RELEASE_21CFR|x86.Build.0 = RELEASE_21CFR|x86
		{45788502-ACC4-4F00-BEA7-BFF889F80652}.Release|Any CPU.ActiveCfg = Release|Any CPU
		{45788502-ACC4-4F00-BEA7-BFF889F80652}.Release|Any CPU.Build.0 = Release|Any CPU
		{45788502-ACC4-4F00-BEA7-BFF889F80652}.Release|x64.ActiveCfg = Release|x64
		{45788502-ACC4-4F00-BEA7-BFF889F80652}.Release|x64.Build.0 = Release|x64
		{45788502-ACC4-4F00-BEA7-BFF889F80652}.Release|x86.ActiveCfg = Release|x86
		{45788502-ACC4-4F00-BEA7-BFF889F80652}.Release|x86.Build.0 = Release|x86
		{45788502-ACC4-4F00-BEA7-BFF889F80652}.TEST_DEBUG|Any CPU.ActiveCfg = TEST_DEBUG|Any CPU
		{45788502-ACC4-4F00-BEA7-BFF889F80652}.TEST_DEBUG|Any CPU.Build.0 = TEST_DEBUG|Any CPU
		{45788502-ACC4-4F00-BEA7-BFF889F80652}.TEST_DEBUG|x64.ActiveCfg = TEST_DEBUG|x64
		{45788502-ACC4-4F00-BEA7-BFF889F80652}.TEST_DEBUG|x64.Build.0 = TEST_DEBUG|x64
		{45788502-ACC4-4F00-BEA7-BFF889F80652}.TEST_DEBUG|x86.ActiveCfg = TEST_DEBUG|x86
		{45788502-ACC4-4F00-BEA7-BFF889F80652}.TEST_DEBUG|x86.Build.0 = TEST_DEBUG|x86
		{45788502-ACC4-4F00-BEA7-BFF889F80652}.TEST_RELEASE|Any CPU.ActiveCfg = TEST_RELEASE|Any CPU
		{45788502-ACC4-4F00-BEA7-BFF889F80652}.TEST_RELEASE|Any CPU.Build.0 = TEST_RELEASE|Any CPU
		{45788502-ACC4-4F00-BEA7-BFF889F80652}.TEST_RELEASE|x64.ActiveCfg = TEST_RELEASE|x64
		{45788502-ACC4-4F00-BEA7-BFF889F80652}.TEST_RELEASE|x64.Build.0 = TEST_RELEASE|x64
		{45788502-ACC4-4F00-BEA7-BFF889F80652}.TEST_RELEASE|x86.ActiveCfg = TEST_RELEASE|x86
		{45788502-ACC4-4F00-BEA7-BFF889F80652}.TEST_RELEASE|x86.Build.0 = TEST_RELEASE|x86
	EndGlobalSection
	GlobalSection(SolutionProperties) = preSolution
		HideSolutionNode = FALSE
	EndGlobalSection
	GlobalSection(ExtensibilityGlobals) = postSolution
		SolutionGuid = {0E04F440-965D-4004-874D-94EE4C5D1179}
	EndGlobalSection
EndGlobal
